
Microsoft Visual Studio Solution File, Format Version 12.00
# Visual Studio Version 17
VisualStudioVersion = 17.8.34309.116
MinimumVisualStudioVersion = 10.0.40219.1
Project("{FAE04EC0-301F-11D3-BF4B-00C04F79EFBC}") = "PhotoVerification", "PhotoVerification\PhotoVerification.csproj", "{B86542F0-2F6D-41B6-9348-328AAA77B20D}"
EndProject
Global
	GlobalSection(SolutionConfigurationPlatforms) = preSolution
		Debug|Any CPU = Debug|Any CPU
		Release|Any CPU = Release|Any CPU
	EndGlobalSection
	GlobalSection(ProjectConfigurationPlatforms) = postSolution
		{B86542F0-2F6D-41B6-9348-328AAA77B20D}.Debug|Any CPU.ActiveCfg = Debug|Any CPU
		{B86542F0-2F6D-41B6-9348-328AAA77B20D}.Debug|Any CPU.Build.0 = Debug|Any CPU
		{B86542F0-2F6D-41B6-9348-328AAA77B20D}.Release|Any CPU.ActiveCfg = Release|Any CPU
		{B86542F0-2F6D-41B6-9348-328AAA77B20D}.Release|Any CPU.Build.0 = Release|Any CPU
	EndGlobalSection
	GlobalSection(SolutionProperties) = preSolution
		HideSolutionNode = FALSE
	EndGlobalSection
	GlobalSection(ExtensibilityGlobals) = postSolution
		SolutionGuid = {FD727E86-5483-4D16-AFCA-BD71A4530C5E}
	EndGlobalSection
EndGlobal
